
Microsoft Visual Studio Solution File, Format Version 12.00
# Visual Studio Version 16
VisualStudioVersion = 16.0.31624.102
MinimumVisualStudioVersion = 10.0.40219.1
Project("{8BC9CEB8-8B4A-11D0-8D11-00A0C91BC942}") = "tasssk2", "tasssk2\tasssk2.vcxproj", "{817F1582-BE8F-41A5-ACF7-46BC12CBDBE5}"
EndProject
Project("{8BC9CEB8-8B4A-11D0-8D11-00A0C91BC942}") = "ConsoleApplication1", "ConsoleApplication1\ConsoleApplication1.vcxproj", "{2A0946DD-9C83-4494-AE8C-A749718C241F}"
EndProject
Global
	GlobalSection(SolutionConfigurationPlatforms) = preSolution
		Debug|x64 = Debug|x64
		Debug|x86 = Debug|x86
		Release|x64 = Release|x64
		Release|x86 = Release|x86
	EndGlobalSection
	GlobalSection(ProjectConfigurationPlatforms) = postSolution
		{817F1582-BE8F-41A5-ACF7-46BC12CBDBE5}.Debug|x64.ActiveCfg = Debug|x64
		{817F1582-BE8F-41A5-ACF7-46BC12CBDBE5}.Debug|x64.Build.0 = Debug|x64
		{817F1582-BE8F-41A5-ACF7-46BC12CBDBE5}.Debug|x86.ActiveCfg = Debug|Win32
		{817F1582-BE8F-41A5-ACF7-46BC12CBDBE5}.Debug|x86.Build.0 = Debug|Win32
		{817F1582-BE8F-41A5-ACF7-46BC12CBDBE5}.Release|x64.ActiveCfg = Release|x64
		{817F1582-BE8F-41A5-ACF7-46BC12CBDBE5}.Release|x64.Build.0 = Release|x64
		{817F1582-BE8F-41A5-ACF7-46BC12CBDBE5}.Release|x86.ActiveCfg = Release|Win32
		{817F1582-BE8F-41A5-ACF7-46BC12CBDBE5}.Release|x86.Build.0 = Release|Win32
		{2A0946DD-9C83-4494-AE8C-A749718C241F}.Debug|x64.ActiveCfg = Debug|x64
		{2A0946DD-9C83-4494-AE8C-A749718C241F}.Debug|x64.Build.0 = Debug|x64
		{2A0946DD-9C83-4494-AE8C-A749718C241F}.Debug|x86.ActiveCfg = Debug|Win32
		{2A0946DD-9C83-4494-AE8C-A749718C241F}.Debug|x86.Build.0 = Debug|Win32
		{2A0946DD-9C83-4494-AE8C-A749718C241F}.Release|x64.ActiveCfg = Release|x64
		{2A0946DD-9C83-4494-AE8C-A749718C241F}.Release|x64.Build.0 = Release|x64
		{2A0946DD-9C83-4494-AE8C-A749718C241F}.Release|x86.ActiveCfg = Release|Win32
		{2A0946DD-9C83-4494-AE8C-A749718C241F}.Release|x86.Build.0 = Release|Win32
	EndGlobalSection
	GlobalSection(SolutionProperties) = preSolution
		HideSolutionNode = FALSE
	EndGlobalSection
	GlobalSection(ExtensibilityGlobals) = postSolution
		SolutionGuid = {151708A4-A825-4788-A45A-5C702C045EE5}
	EndGlobalSection
EndGlobal
