
Microsoft Visual Studio Solution File, Format Version 12.00
# Visual Studio Version 16
VisualStudioVersion = 16.0.31624.102
MinimumVisualStudioVersion = 10.0.40219.1
Project("{8BC9CEB8-8B4A-11D0-8D11-00A0C91BC942}") = "task_2", "lab_6\lab_6.vcxproj", "{88B747C4-4B56-46B7-AC51-03108493B74C}"
EndProject
Project("{8BC9CEB8-8B4A-11D0-8D11-00A0C91BC942}") = "task_1", "task_1\task_1.vcxproj", "{A4794C4F-C7AD-4626-A950-B3C7583AD2BB}"
EndProject
Project("{8BC9CEB8-8B4A-11D0-8D11-00A0C91BC942}") = "task_3", "task_3\task_3.vcxproj", "{A72B7D52-F217-4B17-8CA1-18A311E3EE18}"
EndProject
Project("{8BC9CEB8-8B4A-11D0-8D11-00A0C91BC942}") = "task_4", "task_4\task_4.vcxproj", "{0B68CF82-DB81-41B6-991C-D66371A9C0EA}"
EndProject
Project("{8BC9CEB8-8B4A-11D0-8D11-00A0C91BC942}") = "task_5", "task_5\task_5.vcxproj", "{5D8A9A18-E24B-41E8-B3E4-CB507E7C2288}"
EndProject
Project("{8BC9CEB8-8B4A-11D0-8D11-00A0C91BC942}") = "task_6", "task_6\task_6.vcxproj", "{ADCB2099-D5D7-4B92-86A1-EC1C162A9738}"
EndProject
Project("{8BC9CEB8-8B4A-11D0-8D11-00A0C91BC942}") = "task_7", "task_7\task_7.vcxproj", "{359DE55A-67AC-4911-B549-5789C8DC5208}"
EndProject
Project("{8BC9CEB8-8B4A-11D0-8D11-00A0C91BC942}") = "task_8", "task_8\task_8.vcxproj", "{F2096569-0866-4109-A207-98BF82FC2A09}"
EndProject
Project("{8BC9CEB8-8B4A-11D0-8D11-00A0C91BC942}") = "task_9", "task_9\task_9.vcxproj", "{0C15E8FE-6D89-4D15-A39F-6FBC7B61552C}"
EndProject
Project("{8BC9CEB8-8B4A-11D0-8D11-00A0C91BC942}") = "task_2", "task_2\task_2.vcxproj", "{D5168FC1-496E-422F-B313-227BD7D24665}"
EndProject
Project("{8BC9CEB8-8B4A-11D0-8D11-00A0C91BC942}") = "tests6", "tests6\tests6.vcxproj", "{41EB6C77-76CE-45B3-B999-C34C68435760}"
EndProject
Project("{8BC9CEB8-8B4A-11D0-8D11-00A0C91BC942}") = "test6", "test6\test6.vcxproj", "{81E89540-7DD9-4302-9841-2F2981F4BDDC}"
EndProject
Global
	GlobalSection(SolutionConfigurationPlatforms) = preSolution
		Debug|x64 = Debug|x64
		Debug|x86 = Debug|x86
		Release|x64 = Release|x64
		Release|x86 = Release|x86
	EndGlobalSection
	GlobalSection(ProjectConfigurationPlatforms) = postSolution
		{88B747C4-4B56-46B7-AC51-03108493B74C}.Debug|x64.ActiveCfg = Debug|x64
		{88B747C4-4B56-46B7-AC51-03108493B74C}.Debug|x64.Build.0 = Debug|x64
		{88B747C4-4B56-46B7-AC51-03108493B74C}.Debug|x86.ActiveCfg = Debug|Win32
		{88B747C4-4B56-46B7-AC51-03108493B74C}.Debug|x86.Build.0 = Debug|Win32
		{88B747C4-4B56-46B7-AC51-03108493B74C}.Release|x64.ActiveCfg = Release|x64
		{88B747C4-4B56-46B7-AC51-03108493B74C}.Release|x64.Build.0 = Release|x64
		{88B747C4-4B56-46B7-AC51-03108493B74C}.Release|x86.ActiveCfg = Release|Win32
		{88B747C4-4B56-46B7-AC51-03108493B74C}.Release|x86.Build.0 = Release|Win32
		{A4794C4F-C7AD-4626-A950-B3C7583AD2BB}.Debug|x64.ActiveCfg = Debug|x64
		{A4794C4F-C7AD-4626-A950-B3C7583AD2BB}.Debug|x64.Build.0 = Debug|x64
		{A4794C4F-C7AD-4626-A950-B3C7583AD2BB}.Debug|x86.ActiveCfg = Debug|Win32
		{A4794C4F-C7AD-4626-A950-B3C7583AD2BB}.Debug|x86.Build.0 = Debug|Win32
		{A4794C4F-C7AD-4626-A950-B3C7583AD2BB}.Release|x64.ActiveCfg = Release|x64
		{A4794C4F-C7AD-4626-A950-B3C7583AD2BB}.Release|x64.Build.0 = Release|x64
		{A4794C4F-C7AD-4626-A950-B3C7583AD2BB}.Release|x86.ActiveCfg = Release|Win32
		{A4794C4F-C7AD-4626-A950-B3C7583AD2BB}.Release|x86.Build.0 = Release|Win32
		{A72B7D52-F217-4B17-8CA1-18A311E3EE18}.Debug|x64.ActiveCfg = Debug|x64
		{A72B7D52-F217-4B17-8CA1-18A311E3EE18}.Debug|x64.Build.0 = Debug|x64
		{A72B7D52-F217-4B17-8CA1-18A311E3EE18}.Debug|x86.ActiveCfg = Debug|Win32
		{A72B7D52-F217-4B17-8CA1-18A311E3EE18}.Debug|x86.Build.0 = Debug|Win32
		{A72B7D52-F217-4B17-8CA1-18A311E3EE18}.Release|x64.ActiveCfg = Release|x64
		{A72B7D52-F217-4B17-8CA1-18A311E3EE18}.Release|x64.Build.0 = Release|x64
		{A72B7D52-F217-4B17-8CA1-18A311E3EE18}.Release|x86.ActiveCfg = Release|Win32
		{A72B7D52-F217-4B17-8CA1-18A311E3EE18}.Release|x86.Build.0 = Release|Win32
		{0B68CF82-DB81-41B6-991C-D66371A9C0EA}.Debug|x64.ActiveCfg = Debug|x64
		{0B68CF82-DB81-41B6-991C-D66371A9C0EA}.Debug|x64.Build.0 = Debug|x64
		{0B68CF82-DB81-41B6-991C-D66371A9C0EA}.Debug|x86.ActiveCfg = Debug|Win32
		{0B68CF82-DB81-41B6-991C-D66371A9C0EA}.Debug|x86.Build.0 = Debug|Win32
		{0B68CF82-DB81-41B6-991C-D66371A9C0EA}.Release|x64.ActiveCfg = Release|x64
		{0B68CF82-DB81-41B6-991C-D66371A9C0EA}.Release|x64.Build.0 = Release|x64
		{0B68CF82-DB81-41B6-991C-D66371A9C0EA}.Release|x86.ActiveCfg = Release|Win32
		{0B68CF82-DB81-41B6-991C-D66371A9C0EA}.Release|x86.Build.0 = Release|Win32
		{5D8A9A18-E24B-41E8-B3E4-CB507E7C2288}.Debug|x64.ActiveCfg = Debug|x64
		{5D8A9A18-E24B-41E8-B3E4-CB507E7C2288}.Debug|x64.Build.0 = Debug|x64
		{5D8A9A18-E24B-41E8-B3E4-CB507E7C2288}.Debug|x86.ActiveCfg = Debug|Win32
		{5D8A9A18-E24B-41E8-B3E4-CB507E7C2288}.Debug|x86.Build.0 = Debug|Win32
		{5D8A9A18-E24B-41E8-B3E4-CB507E7C2288}.Release|x64.ActiveCfg = Release|x64
		{5D8A9A18-E24B-41E8-B3E4-CB507E7C2288}.Release|x64.Build.0 = Release|x64
		{5D8A9A18-E24B-41E8-B3E4-CB507E7C2288}.Release|x86.ActiveCfg = Release|Win32
		{5D8A9A18-E24B-41E8-B3E4-CB507E7C2288}.Release|x86.Build.0 = Release|Win32
		{ADCB2099-D5D7-4B92-86A1-EC1C162A9738}.Debug|x64.ActiveCfg = Debug|x64
		{ADCB2099-D5D7-4B92-86A1-EC1C162A9738}.Debug|x64.Build.0 = Debug|x64
		{ADCB2099-D5D7-4B92-86A1-EC1C162A9738}.Debug|x86.ActiveCfg = Debug|Win32
		{ADCB2099-D5D7-4B92-86A1-EC1C162A9738}.Debug|x86.Build.0 = Debug|Win32
		{ADCB2099-D5D7-4B92-86A1-EC1C162A9738}.Release|x64.ActiveCfg = Release|x64
		{ADCB2099-D5D7-4B92-86A1-EC1C162A9738}.Release|x64.Build.0 = Release|x64
		{ADCB2099-D5D7-4B92-86A1-EC1C162A9738}.Release|x86.ActiveCfg = Release|Win32
		{ADCB2099-D5D7-4B92-86A1-EC1C162A9738}.Release|x86.Build.0 = Release|Win32
		{359DE55A-67AC-4911-B549-5789C8DC5208}.Debug|x64.ActiveCfg = Debug|x64
		{359DE55A-67AC-4911-B549-5789C8DC5208}.Debug|x64.Build.0 = Debug|x64
		{359DE55A-67AC-4911-B549-5789C8DC5208}.Debug|x86.ActiveCfg = Debug|Win32
		{359DE55A-67AC-4911-B549-5789C8DC5208}.Debug|x86.Build.0 = Debug|Win32
		{359DE55A-67AC-4911-B549-5789C8DC5208}.Release|x64.ActiveCfg = Release|x64
		{359DE55A-67AC-4911-B549-5789C8DC5208}.Release|x64.Build.0 = Release|x64
		{359DE55A-67AC-4911-B549-5789C8DC5208}.Release|x86.ActiveCfg = Release|Win32
		{359DE55A-67AC-4911-B549-5789C8DC5208}.Release|x86.Build.0 = Release|Win32
		{F2096569-0866-4109-A207-98BF82FC2A09}.Debug|x64.ActiveCfg = Debug|x64
		{F2096569-0866-4109-A207-98BF82FC2A09}.Debug|x64.Build.0 = Debug|x64
		{F2096569-0866-4109-A207-98BF82FC2A09}.Debug|x86.ActiveCfg = Debug|Win32
		{F2096569-0866-4109-A207-98BF82FC2A09}.Debug|x86.Build.0 = Debug|Win32
		{F2096569-0866-4109-A207-98BF82FC2A09}.Release|x64.ActiveCfg = Release|x64
		{F2096569-0866-4109-A207-98BF82FC2A09}.Release|x64.Build.0 = Release|x64
		{F2096569-0866-4109-A207-98BF82FC2A09}.Release|x86.ActiveCfg = Release|Win32
		{F2096569-0866-4109-A207-98BF82FC2A09}.Release|x86.Build.0 = Release|Win32
		{0C15E8FE-6D89-4D15-A39F-6FBC7B61552C}.Debug|x64.ActiveCfg = Debug|x64
		{0C15E8FE-6D89-4D15-A39F-6FBC7B61552C}.Debug|x64.Build.0 = Debug|x64
		{0C15E8FE-6D89-4D15-A39F-6FBC7B61552C}.Debug|x86.ActiveCfg = Debug|Win32
		{0C15E8FE-6D89-4D15-A39F-6FBC7B61552C}.Debug|x86.Build.0 = Debug|Win32
		{0C15E8FE-6D89-4D15-A39F-6FBC7B61552C}.Release|x64.ActiveCfg = Release|x64
		{0C15E8FE-6D89-4D15-A39F-6FBC7B61552C}.Release|x64.Build.0 = Release|x64
		{0C15E8FE-6D89-4D15-A39F-6FBC7B61552C}.Release|x86.ActiveCfg = Release|Win32
		{0C15E8FE-6D89-4D15-A39F-6FBC7B61552C}.Release|x86.Build.0 = Release|Win32
		{D5168FC1-496E-422F-B313-227BD7D24665}.Debug|x64.ActiveCfg = Debug|x64
		{D5168FC1-496E-422F-B313-227BD7D24665}.Debug|x64.Build.0 = Debug|x64
		{D5168FC1-496E-422F-B313-227BD7D24665}.Debug|x86.ActiveCfg = Debug|Win32
		{D5168FC1-496E-422F-B313-227BD7D24665}.Debug|x86.Build.0 = Debug|Win32
		{D5168FC1-496E-422F-B313-227BD7D24665}.Release|x64.ActiveCfg = Release|x64
		{D5168FC1-496E-422F-B313-227BD7D24665}.Release|x64.Build.0 = Release|x64
		{D5168FC1-496E-422F-B313-227BD7D24665}.Release|x86.ActiveCfg = Release|Win32
		{D5168FC1-496E-422F-B313-227BD7D24665}.Release|x86.Build.0 = Release|Win32
		{41EB6C77-76CE-45B3-B999-C34C68435760}.Debug|x64.ActiveCfg = Debug|x64
		{41EB6C77-76CE-45B3-B999-C34C68435760}.Debug|x64.Build.0 = Debug|x64
		{41EB6C77-76CE-45B3-B999-C34C68435760}.Debug|x86.ActiveCfg = Debug|Win32
		{41EB6C77-76CE-45B3-B999-C34C68435760}.Debug|x86.Build.0 = Debug|Win32
		{41EB6C77-76CE-45B3-B999-C34C68435760}.Release|x64.ActiveCfg = Release|x64
		{41EB6C77-76CE-45B3-B999-C34C68435760}.Release|x64.Build.0 = Release|x64
		{41EB6C77-76CE-45B3-B999-C34C68435760}.Release|x86.ActiveCfg = Release|Win32
		{41EB6C77-76CE-45B3-B999-C34C68435760}.Release|x86.Build.0 = Release|Win32
		{81E89540-7DD9-4302-9841-2F2981F4BDDC}.Debug|x64.ActiveCfg = Debug|x64
		{81E89540-7DD9-4302-9841-2F2981F4BDDC}.Debug|x64.Build.0 = Debug|x64
		{81E89540-7DD9-4302-9841-2F2981F4BDDC}.Debug|x86.ActiveCfg = Debug|Win32
		{81E89540-7DD9-4302-9841-2F2981F4BDDC}.Debug|x86.Build.0 = Debug|Win32
		{81E89540-7DD9-4302-9841-2F2981F4BDDC}.Release|x64.ActiveCfg = Release|x64
		{81E89540-7DD9-4302-9841-2F2981F4BDDC}.Release|x64.Build.0 = Release|x64
		{81E89540-7DD9-4302-9841-2F2981F4BDDC}.Release|x86.ActiveCfg = Release|Win32
		{81E89540-7DD9-4302-9841-2F2981F4BDDC}.Release|x86.Build.0 = Release|Win32
	EndGlobalSection
	GlobalSection(SolutionProperties) = preSolution
		HideSolutionNode = FALSE
	EndGlobalSection
	GlobalSection(ExtensibilityGlobals) = postSolution
		SolutionGuid = {8C572178-8AFB-4BEA-A378-0AD500AC48F5}
	EndGlobalSection
EndGlobal
