
Microsoft Visual Studio Solution File, Format Version 12.00
# Visual Studio Version 16
VisualStudioVersion = 16.0.31624.102
MinimumVisualStudioVersion = 10.0.40219.1
Project("{8BC9CEB8-8B4A-11D0-8D11-00A0C91BC942}") = "task_1", "lab_7\lab_7.vcxproj", "{15725FD5-D7D8-46E5-8B5F-20F70E4E8406}"
EndProject
Project("{8BC9CEB8-8B4A-11D0-8D11-00A0C91BC942}") = "task_2", "task_2\task_2.vcxproj", "{FDEE785E-6450-4158-A16C-1DD4A08B17CA}"
EndProject
Project("{8BC9CEB8-8B4A-11D0-8D11-00A0C91BC942}") = "task_10", "task_10\task_10.vcxproj", "{339FEEAE-764D-4822-8CF6-A1A6B093F311}"
EndProject
Project("{8BC9CEB8-8B4A-11D0-8D11-00A0C91BC942}") = "task_1", "task_1\task_1.vcxproj", "{BDFFCC7C-50C4-4A5B-B79D-851DD30E8B6C}"
EndProject
Project("{8BC9CEB8-8B4A-11D0-8D11-00A0C91BC942}") = "task_6", "task_6\task_6.vcxproj", "{45BA19EC-89AA-4181-93F7-FA31249CDE75}"
EndProject
Project("{8BC9CEB8-8B4A-11D0-8D11-00A0C91BC942}") = "task_1.2", "task_1.2\task_1.2.vcxproj", "{8758A7A0-C003-4FBE-8E45-5710A5C62ABA}"
EndProject
Project("{8BC9CEB8-8B4A-11D0-8D11-00A0C91BC942}") = "task_3", "task_3\task_3.vcxproj", "{36A0A665-42BD-4E4B-B41A-2974B1DEF06E}"
EndProject
Project("{8BC9CEB8-8B4A-11D0-8D11-00A0C91BC942}") = "task_5", "task_5\task_5.vcxproj", "{A99BA347-222F-4E06-8434-0E11E283ADF9}"
EndProject
Project("{8BC9CEB8-8B4A-11D0-8D11-00A0C91BC942}") = "task_9", "task_9\task_9.vcxproj", "{246A75EE-3941-4342-9EA7-9EBA6C1EA66F}"
EndProject
Project("{8BC9CEB8-8B4A-11D0-8D11-00A0C91BC942}") = "task_7", "task_7\task_7.vcxproj", "{8C06F2B5-3E36-4901-B32E-3DB6D2F82B2B}"
EndProject
Project("{8BC9CEB8-8B4A-11D0-8D11-00A0C91BC942}") = "tests7", "tests7\tests7.vcxproj", "{05E4C9DF-673B-4A33-AAAD-9BDBED6EB1AB}"
EndProject
Project("{8BC9CEB8-8B4A-11D0-8D11-00A0C91BC942}") = "task_8", "task_8\task_8.vcxproj", "{20B32DD8-9115-4E2D-B7DA-E61A939C8960}"
EndProject
Project("{8BC9CEB8-8B4A-11D0-8D11-00A0C91BC942}") = "task_4", "task_4\task_4.vcxproj", "{7F641FFE-B004-41F1-81FE-38AA17FF9ED5}"
EndProject
Global
	GlobalSection(SolutionConfigurationPlatforms) = preSolution
		Debug|x64 = Debug|x64
		Debug|x86 = Debug|x86
		Release|x64 = Release|x64
		Release|x86 = Release|x86
	EndGlobalSection
	GlobalSection(ProjectConfigurationPlatforms) = postSolution
		{15725FD5-D7D8-46E5-8B5F-20F70E4E8406}.Debug|x64.ActiveCfg = Debug|x64
		{15725FD5-D7D8-46E5-8B5F-20F70E4E8406}.Debug|x64.Build.0 = Debug|x64
		{15725FD5-D7D8-46E5-8B5F-20F70E4E8406}.Debug|x86.ActiveCfg = Debug|Win32
		{15725FD5-D7D8-46E5-8B5F-20F70E4E8406}.Debug|x86.Build.0 = Debug|Win32
		{15725FD5-D7D8-46E5-8B5F-20F70E4E8406}.Release|x64.ActiveCfg = Release|x64
		{15725FD5-D7D8-46E5-8B5F-20F70E4E8406}.Release|x64.Build.0 = Release|x64
		{15725FD5-D7D8-46E5-8B5F-20F70E4E8406}.Release|x86.ActiveCfg = Release|Win32
		{15725FD5-D7D8-46E5-8B5F-20F70E4E8406}.Release|x86.Build.0 = Release|Win32
		{FDEE785E-6450-4158-A16C-1DD4A08B17CA}.Debug|x64.ActiveCfg = Debug|x64
		{FDEE785E-6450-4158-A16C-1DD4A08B17CA}.Debug|x64.Build.0 = Debug|x64
		{FDEE785E-6450-4158-A16C-1DD4A08B17CA}.Debug|x86.ActiveCfg = Debug|Win32
		{FDEE785E-6450-4158-A16C-1DD4A08B17CA}.Debug|x86.Build.0 = Debug|Win32
		{FDEE785E-6450-4158-A16C-1DD4A08B17CA}.Release|x64.ActiveCfg = Release|x64
		{FDEE785E-6450-4158-A16C-1DD4A08B17CA}.Release|x64.Build.0 = Release|x64
		{FDEE785E-6450-4158-A16C-1DD4A08B17CA}.Release|x86.ActiveCfg = Release|Win32
		{FDEE785E-6450-4158-A16C-1DD4A08B17CA}.Release|x86.Build.0 = Release|Win32
		{339FEEAE-764D-4822-8CF6-A1A6B093F311}.Debug|x64.ActiveCfg = Debug|x64
		{339FEEAE-764D-4822-8CF6-A1A6B093F311}.Debug|x64.Build.0 = Debug|x64
		{339FEEAE-764D-4822-8CF6-A1A6B093F311}.Debug|x86.ActiveCfg = Debug|Win32
		{339FEEAE-764D-4822-8CF6-A1A6B093F311}.Debug|x86.Build.0 = Debug|Win32
		{339FEEAE-764D-4822-8CF6-A1A6B093F311}.Release|x64.ActiveCfg = Release|x64
		{339FEEAE-764D-4822-8CF6-A1A6B093F311}.Release|x64.Build.0 = Release|x64
		{339FEEAE-764D-4822-8CF6-A1A6B093F311}.Release|x86.ActiveCfg = Release|Win32
		{339FEEAE-764D-4822-8CF6-A1A6B093F311}.Release|x86.Build.0 = Release|Win32
		{BDFFCC7C-50C4-4A5B-B79D-851DD30E8B6C}.Debug|x64.ActiveCfg = Debug|x64
		{BDFFCC7C-50C4-4A5B-B79D-851DD30E8B6C}.Debug|x64.Build.0 = Debug|x64
		{BDFFCC7C-50C4-4A5B-B79D-851DD30E8B6C}.Debug|x86.ActiveCfg = Debug|Win32
		{BDFFCC7C-50C4-4A5B-B79D-851DD30E8B6C}.Debug|x86.Build.0 = Debug|Win32
		{BDFFCC7C-50C4-4A5B-B79D-851DD30E8B6C}.Release|x64.ActiveCfg = Release|x64
		{BDFFCC7C-50C4-4A5B-B79D-851DD30E8B6C}.Release|x64.Build.0 = Release|x64
		{BDFFCC7C-50C4-4A5B-B79D-851DD30E8B6C}.Release|x86.ActiveCfg = Release|Win32
		{BDFFCC7C-50C4-4A5B-B79D-851DD30E8B6C}.Release|x86.Build.0 = Release|Win32
		{45BA19EC-89AA-4181-93F7-FA31249CDE75}.Debug|x64.ActiveCfg = Debug|x64
		{45BA19EC-89AA-4181-93F7-FA31249CDE75}.Debug|x64.Build.0 = Debug|x64
		{45BA19EC-89AA-4181-93F7-FA31249CDE75}.Debug|x86.ActiveCfg = Debug|Win32
		{45BA19EC-89AA-4181-93F7-FA31249CDE75}.Debug|x86.Build.0 = Debug|Win32
		{45BA19EC-89AA-4181-93F7-FA31249CDE75}.Release|x64.ActiveCfg = Release|x64
		{45BA19EC-89AA-4181-93F7-FA31249CDE75}.Release|x64.Build.0 = Release|x64
		{45BA19EC-89AA-4181-93F7-FA31249CDE75}.Release|x86.ActiveCfg = Release|Win32
		{45BA19EC-89AA-4181-93F7-FA31249CDE75}.Release|x86.Build.0 = Release|Win32
		{8758A7A0-C003-4FBE-8E45-5710A5C62ABA}.Debug|x64.ActiveCfg = Debug|x64
		{8758A7A0-C003-4FBE-8E45-5710A5C62ABA}.Debug|x64.Build.0 = Debug|x64
		{8758A7A0-C003-4FBE-8E45-5710A5C62ABA}.Debug|x86.ActiveCfg = Debug|Win32
		{8758A7A0-C003-4FBE-8E45-5710A5C62ABA}.Debug|x86.Build.0 = Debug|Win32
		{8758A7A0-C003-4FBE-8E45-5710A5C62ABA}.Release|x64.ActiveCfg = Release|x64
		{8758A7A0-C003-4FBE-8E45-5710A5C62ABA}.Release|x64.Build.0 = Release|x64
		{8758A7A0-C003-4FBE-8E45-5710A5C62ABA}.Release|x86.ActiveCfg = Release|Win32
		{8758A7A0-C003-4FBE-8E45-5710A5C62ABA}.Release|x86.Build.0 = Release|Win32
		{36A0A665-42BD-4E4B-B41A-2974B1DEF06E}.Debug|x64.ActiveCfg = Debug|x64
		{36A0A665-42BD-4E4B-B41A-2974B1DEF06E}.Debug|x64.Build.0 = Debug|x64
		{36A0A665-42BD-4E4B-B41A-2974B1DEF06E}.Debug|x86.ActiveCfg = Debug|Win32
		{36A0A665-42BD-4E4B-B41A-2974B1DEF06E}.Debug|x86.Build.0 = Debug|Win32
		{36A0A665-42BD-4E4B-B41A-2974B1DEF06E}.Release|x64.ActiveCfg = Release|x64
		{36A0A665-42BD-4E4B-B41A-2974B1DEF06E}.Release|x64.Build.0 = Release|x64
		{36A0A665-42BD-4E4B-B41A-2974B1DEF06E}.Release|x86.ActiveCfg = Release|Win32
		{36A0A665-42BD-4E4B-B41A-2974B1DEF06E}.Release|x86.Build.0 = Release|Win32
		{A99BA347-222F-4E06-8434-0E11E283ADF9}.Debug|x64.ActiveCfg = Debug|x64
		{A99BA347-222F-4E06-8434-0E11E283ADF9}.Debug|x64.Build.0 = Debug|x64
		{A99BA347-222F-4E06-8434-0E11E283ADF9}.Debug|x86.ActiveCfg = Debug|Win32
		{A99BA347-222F-4E06-8434-0E11E283ADF9}.Debug|x86.Build.0 = Debug|Win32
		{A99BA347-222F-4E06-8434-0E11E283ADF9}.Release|x64.ActiveCfg = Release|x64
		{A99BA347-222F-4E06-8434-0E11E283ADF9}.Release|x64.Build.0 = Release|x64
		{A99BA347-222F-4E06-8434-0E11E283ADF9}.Release|x86.ActiveCfg = Release|Win32
		{A99BA347-222F-4E06-8434-0E11E283ADF9}.Release|x86.Build.0 = Release|Win32
		{246A75EE-3941-4342-9EA7-9EBA6C1EA66F}.Debug|x64.ActiveCfg = Debug|x64
		{246A75EE-3941-4342-9EA7-9EBA6C1EA66F}.Debug|x64.Build.0 = Debug|x64
		{246A75EE-3941-4342-9EA7-9EBA6C1EA66F}.Debug|x86.ActiveCfg = Debug|Win32
		{246A75EE-3941-4342-9EA7-9EBA6C1EA66F}.Debug|x86.Build.0 = Debug|Win32
		{246A75EE-3941-4342-9EA7-9EBA6C1EA66F}.Release|x64.ActiveCfg = Release|x64
		{246A75EE-3941-4342-9EA7-9EBA6C1EA66F}.Release|x64.Build.0 = Release|x64
		{246A75EE-3941-4342-9EA7-9EBA6C1EA66F}.Release|x86.ActiveCfg = Release|Win32
		{246A75EE-3941-4342-9EA7-9EBA6C1EA66F}.Release|x86.Build.0 = Release|Win32
		{8C06F2B5-3E36-4901-B32E-3DB6D2F82B2B}.Debug|x64.ActiveCfg = Debug|x64
		{8C06F2B5-3E36-4901-B32E-3DB6D2F82B2B}.Debug|x64.Build.0 = Debug|x64
		{8C06F2B5-3E36-4901-B32E-3DB6D2F82B2B}.Debug|x86.ActiveCfg = Debug|Win32
		{8C06F2B5-3E36-4901-B32E-3DB6D2F82B2B}.Debug|x86.Build.0 = Debug|Win32
		{8C06F2B5-3E36-4901-B32E-3DB6D2F82B2B}.Release|x64.ActiveCfg = Release|x64
		{8C06F2B5-3E36-4901-B32E-3DB6D2F82B2B}.Release|x64.Build.0 = Release|x64
		{8C06F2B5-3E36-4901-B32E-3DB6D2F82B2B}.Release|x86.ActiveCfg = Release|Win32
		{8C06F2B5-3E36-4901-B32E-3DB6D2F82B2B}.Release|x86.Build.0 = Release|Win32
		{05E4C9DF-673B-4A33-AAAD-9BDBED6EB1AB}.Debug|x64.ActiveCfg = Debug|x64
		{05E4C9DF-673B-4A33-AAAD-9BDBED6EB1AB}.Debug|x64.Build.0 = Debug|x64
		{05E4C9DF-673B-4A33-AAAD-9BDBED6EB1AB}.Debug|x86.ActiveCfg = Debug|Win32
		{05E4C9DF-673B-4A33-AAAD-9BDBED6EB1AB}.Debug|x86.Build.0 = Debug|Win32
		{05E4C9DF-673B-4A33-AAAD-9BDBED6EB1AB}.Release|x64.ActiveCfg = Release|x64
		{05E4C9DF-673B-4A33-AAAD-9BDBED6EB1AB}.Release|x64.Build.0 = Release|x64
		{05E4C9DF-673B-4A33-AAAD-9BDBED6EB1AB}.Release|x86.ActiveCfg = Release|Win32
		{05E4C9DF-673B-4A33-AAAD-9BDBED6EB1AB}.Release|x86.Build.0 = Release|Win32
		{20B32DD8-9115-4E2D-B7DA-E61A939C8960}.Debug|x64.ActiveCfg = Debug|x64
		{20B32DD8-9115-4E2D-B7DA-E61A939C8960}.Debug|x64.Build.0 = Debug|x64
		{20B32DD8-9115-4E2D-B7DA-E61A939C8960}.Debug|x86.ActiveCfg = Debug|Win32
		{20B32DD8-9115-4E2D-B7DA-E61A939C8960}.Debug|x86.Build.0 = Debug|Win32
		{20B32DD8-9115-4E2D-B7DA-E61A939C8960}.Release|x64.ActiveCfg = Release|x64
		{20B32DD8-9115-4E2D-B7DA-E61A939C8960}.Release|x64.Build.0 = Release|x64
		{20B32DD8-9115-4E2D-B7DA-E61A939C8960}.Release|x86.ActiveCfg = Release|Win32
		{20B32DD8-9115-4E2D-B7DA-E61A939C8960}.Release|x86.Build.0 = Release|Win32
		{7F641FFE-B004-41F1-81FE-38AA17FF9ED5}.Debug|x64.ActiveCfg = Debug|x64
		{7F641FFE-B004-41F1-81FE-38AA17FF9ED5}.Debug|x64.Build.0 = Debug|x64
		{7F641FFE-B004-41F1-81FE-38AA17FF9ED5}.Debug|x86.ActiveCfg = Debug|Win32
		{7F641FFE-B004-41F1-81FE-38AA17FF9ED5}.Debug|x86.Build.0 = Debug|Win32
		{7F641FFE-B004-41F1-81FE-38AA17FF9ED5}.Release|x64.ActiveCfg = Release|x64
		{7F641FFE-B004-41F1-81FE-38AA17FF9ED5}.Release|x64.Build.0 = Release|x64
		{7F641FFE-B004-41F1-81FE-38AA17FF9ED5}.Release|x86.ActiveCfg = Release|Win32
		{7F641FFE-B004-41F1-81FE-38AA17FF9ED5}.Release|x86.Build.0 = Release|Win32
	EndGlobalSection
	GlobalSection(SolutionProperties) = preSolution
		HideSolutionNode = FALSE
	EndGlobalSection
	GlobalSection(ExtensibilityGlobals) = postSolution
		SolutionGuid = {50A9DDD9-B12C-413C-A001-730E235DA0A5}
	EndGlobalSection
EndGlobal
