
Microsoft Visual Studio Solution File, Format Version 12.00
# Visual Studio Version 16
VisualStudioVersion = 16.0.31624.102
MinimumVisualStudioVersion = 10.0.40219.1
Project("{8BC9CEB8-8B4A-11D0-8D11-00A0C91BC942}") = "Task_9", "Task_9\Task_9.vcxproj", "{4823602A-73EF-4BB9-B411-C999D153A078}"
EndProject
Global
	GlobalSection(SolutionConfigurationPlatforms) = preSolution
		Debug|x64 = Debug|x64
		Debug|x86 = Debug|x86
		Release|x64 = Release|x64
		Release|x86 = Release|x86
	EndGlobalSection
	GlobalSection(ProjectConfigurationPlatforms) = postSolution
		{4823602A-73EF-4BB9-B411-C999D153A078}.Debug|x64.ActiveCfg = Debug|x64
		{4823602A-73EF-4BB9-B411-C999D153A078}.Debug|x64.Build.0 = Debug|x64
		{4823602A-73EF-4BB9-B411-C999D153A078}.Debug|x86.ActiveCfg = Debug|Win32
		{4823602A-73EF-4BB9-B411-C999D153A078}.Debug|x86.Build.0 = Debug|Win32
		{4823602A-73EF-4BB9-B411-C999D153A078}.Release|x64.ActiveCfg = Release|x64
		{4823602A-73EF-4BB9-B411-C999D153A078}.Release|x64.Build.0 = Release|x64
		{4823602A-73EF-4BB9-B411-C999D153A078}.Release|x86.ActiveCfg = Release|Win32
		{4823602A-73EF-4BB9-B411-C999D153A078}.Release|x86.Build.0 = Release|Win32
	EndGlobalSection
	GlobalSection(SolutionProperties) = preSolution
		HideSolutionNode = FALSE
	EndGlobalSection
	GlobalSection(ExtensibilityGlobals) = postSolution
		SolutionGuid = {0A4523B9-BA04-417E-AC48-8DCDD9B81F08}
	EndGlobalSection
EndGlobal
