
Microsoft Visual Studio Solution File, Format Version 12.00
# Visual Studio Version 16
VisualStudioVersion = 16.0.31624.102
MinimumVisualStudioVersion = 10.0.40219.1
Project("{8BC9CEB8-8B4A-11D0-8D11-00A0C91BC942}") = "task1", "task1\task1.vcxproj", "{C6AAAF96-43E8-4A5C-9287-48511766B5C8}"
EndProject
Project("{8BC9CEB8-8B4A-11D0-8D11-00A0C91BC942}") = "lib", "lib\lib.vcxproj", "{F2FBDE82-21F3-4EB3-8554-61C287A53B6F}"
EndProject
Project("{8BC9CEB8-8B4A-11D0-8D11-00A0C91BC942}") = "task_3.1", "task_3.1\task_3.1.vcxproj", "{4BCF387E-2D12-4519-9A15-4B379766669D}"
EndProject
Project("{8BC9CEB8-8B4A-11D0-8D11-00A0C91BC942}") = "task_3.3", "task_3.3\task_3.3.vcxproj", "{1801EFA6-A99D-48FB-8D64-6FC94E90ADB9}"
EndProject
Project("{8BC9CEB8-8B4A-11D0-8D11-00A0C91BC942}") = "task_dop_3", "task_dop_3\task_dop_3.vcxproj", "{88F74173-3631-430E-A64C-879D754F7870}"
EndProject
Project("{8BC9CEB8-8B4A-11D0-8D11-00A0C91BC942}") = "task_3.2", "task_3.2\task_3.2.vcxproj", "{C22B8D9B-6B59-4432-A741-B5E07F0544B1}"
EndProject
Project("{8BC9CEB8-8B4A-11D0-8D11-00A0C91BC942}") = "task_2", "task_2\task_2.vcxproj", "{D2103677-536A-4CA6-A4E4-A434F54720C4}"
EndProject
Project("{8BC9CEB8-8B4A-11D0-8D11-00A0C91BC942}") = "DLL", "DLL\DLL.vcxproj", "{3CCB677A-4244-489C-B5D3-81A7E3BE6F50}"
EndProject
Project("{8BC9CEB8-8B4A-11D0-8D11-00A0C91BC942}") = "task_dop_2", "task_dop_2\task_dop_2.vcxproj", "{53547CDF-633B-40F9-9118-6A89B280C2E2}"
EndProject
Project("{8BC9CEB8-8B4A-11D0-8D11-00A0C91BC942}") = "task_dop_1", "task_dop_1\task_dop_1.vcxproj", "{2563B84E-8BC5-49FE-9082-A2E26C38D0FF}"
EndProject
Project("{8BC9CEB8-8B4A-11D0-8D11-00A0C91BC942}") = "taskk_3.2", "taskk_3.2\taskk_3.2.vcxproj", "{A8494EA9-91E8-4013-8AEE-0DD9F2530623}"
EndProject
Project("{8BC9CEB8-8B4A-11D0-8D11-00A0C91BC942}") = "Sample-Test", "Sample-Test\Sample-Test.vcxproj", "{0B9F06B3-068F-4283-974B-FA37CF12779E}"
EndProject
Global
	GlobalSection(SolutionConfigurationPlatforms) = preSolution
		Debug|x64 = Debug|x64
		Debug|x86 = Debug|x86
		Release|x64 = Release|x64
		Release|x86 = Release|x86
	EndGlobalSection
	GlobalSection(ProjectConfigurationPlatforms) = postSolution
		{C6AAAF96-43E8-4A5C-9287-48511766B5C8}.Debug|x64.ActiveCfg = Debug|x64
		{C6AAAF96-43E8-4A5C-9287-48511766B5C8}.Debug|x64.Build.0 = Debug|x64
		{C6AAAF96-43E8-4A5C-9287-48511766B5C8}.Debug|x86.ActiveCfg = Debug|Win32
		{C6AAAF96-43E8-4A5C-9287-48511766B5C8}.Debug|x86.Build.0 = Debug|Win32
		{C6AAAF96-43E8-4A5C-9287-48511766B5C8}.Release|x64.ActiveCfg = Release|x64
		{C6AAAF96-43E8-4A5C-9287-48511766B5C8}.Release|x64.Build.0 = Release|x64
		{C6AAAF96-43E8-4A5C-9287-48511766B5C8}.Release|x86.ActiveCfg = Release|Win32
		{C6AAAF96-43E8-4A5C-9287-48511766B5C8}.Release|x86.Build.0 = Release|Win32
		{F2FBDE82-21F3-4EB3-8554-61C287A53B6F}.Debug|x64.ActiveCfg = Debug|x64
		{F2FBDE82-21F3-4EB3-8554-61C287A53B6F}.Debug|x64.Build.0 = Debug|x64
		{F2FBDE82-21F3-4EB3-8554-61C287A53B6F}.Debug|x86.ActiveCfg = Debug|Win32
		{F2FBDE82-21F3-4EB3-8554-61C287A53B6F}.Debug|x86.Build.0 = Debug|Win32
		{F2FBDE82-21F3-4EB3-8554-61C287A53B6F}.Release|x64.ActiveCfg = Release|x64
		{F2FBDE82-21F3-4EB3-8554-61C287A53B6F}.Release|x64.Build.0 = Release|x64
		{F2FBDE82-21F3-4EB3-8554-61C287A53B6F}.Release|x86.ActiveCfg = Release|Win32
		{F2FBDE82-21F3-4EB3-8554-61C287A53B6F}.Release|x86.Build.0 = Release|Win32
		{4BCF387E-2D12-4519-9A15-4B379766669D}.Debug|x64.ActiveCfg = Debug|x64
		{4BCF387E-2D12-4519-9A15-4B379766669D}.Debug|x64.Build.0 = Debug|x64
		{4BCF387E-2D12-4519-9A15-4B379766669D}.Debug|x86.ActiveCfg = Debug|Win32
		{4BCF387E-2D12-4519-9A15-4B379766669D}.Debug|x86.Build.0 = Debug|Win32
		{4BCF387E-2D12-4519-9A15-4B379766669D}.Release|x64.ActiveCfg = Release|x64
		{4BCF387E-2D12-4519-9A15-4B379766669D}.Release|x64.Build.0 = Release|x64
		{4BCF387E-2D12-4519-9A15-4B379766669D}.Release|x86.ActiveCfg = Release|Win32
		{4BCF387E-2D12-4519-9A15-4B379766669D}.Release|x86.Build.0 = Release|Win32
		{1801EFA6-A99D-48FB-8D64-6FC94E90ADB9}.Debug|x64.ActiveCfg = Debug|x64
		{1801EFA6-A99D-48FB-8D64-6FC94E90ADB9}.Debug|x64.Build.0 = Debug|x64
		{1801EFA6-A99D-48FB-8D64-6FC94E90ADB9}.Debug|x86.ActiveCfg = Debug|Win32
		{1801EFA6-A99D-48FB-8D64-6FC94E90ADB9}.Debug|x86.Build.0 = Debug|Win32
		{1801EFA6-A99D-48FB-8D64-6FC94E90ADB9}.Release|x64.ActiveCfg = Release|x64
		{1801EFA6-A99D-48FB-8D64-6FC94E90ADB9}.Release|x64.Build.0 = Release|x64
		{1801EFA6-A99D-48FB-8D64-6FC94E90ADB9}.Release|x86.ActiveCfg = Release|Win32
		{1801EFA6-A99D-48FB-8D64-6FC94E90ADB9}.Release|x86.Build.0 = Release|Win32
		{88F74173-3631-430E-A64C-879D754F7870}.Debug|x64.ActiveCfg = Debug|x64
		{88F74173-3631-430E-A64C-879D754F7870}.Debug|x64.Build.0 = Debug|x64
		{88F74173-3631-430E-A64C-879D754F7870}.Debug|x86.ActiveCfg = Debug|Win32
		{88F74173-3631-430E-A64C-879D754F7870}.Debug|x86.Build.0 = Debug|Win32
		{88F74173-3631-430E-A64C-879D754F7870}.Release|x64.ActiveCfg = Release|x64
		{88F74173-3631-430E-A64C-879D754F7870}.Release|x64.Build.0 = Release|x64
		{88F74173-3631-430E-A64C-879D754F7870}.Release|x86.ActiveCfg = Release|Win32
		{88F74173-3631-430E-A64C-879D754F7870}.Release|x86.Build.0 = Release|Win32
		{C22B8D9B-6B59-4432-A741-B5E07F0544B1}.Debug|x64.ActiveCfg = Debug|x64
		{C22B8D9B-6B59-4432-A741-B5E07F0544B1}.Debug|x64.Build.0 = Debug|x64
		{C22B8D9B-6B59-4432-A741-B5E07F0544B1}.Debug|x86.ActiveCfg = Debug|Win32
		{C22B8D9B-6B59-4432-A741-B5E07F0544B1}.Debug|x86.Build.0 = Debug|Win32
		{C22B8D9B-6B59-4432-A741-B5E07F0544B1}.Release|x64.ActiveCfg = Release|x64
		{C22B8D9B-6B59-4432-A741-B5E07F0544B1}.Release|x64.Build.0 = Release|x64
		{C22B8D9B-6B59-4432-A741-B5E07F0544B1}.Release|x86.ActiveCfg = Release|Win32
		{C22B8D9B-6B59-4432-A741-B5E07F0544B1}.Release|x86.Build.0 = Release|Win32
		{D2103677-536A-4CA6-A4E4-A434F54720C4}.Debug|x64.ActiveCfg = Debug|x64
		{D2103677-536A-4CA6-A4E4-A434F54720C4}.Debug|x64.Build.0 = Debug|x64
		{D2103677-536A-4CA6-A4E4-A434F54720C4}.Debug|x86.ActiveCfg = Debug|Win32
		{D2103677-536A-4CA6-A4E4-A434F54720C4}.Debug|x86.Build.0 = Debug|Win32
		{D2103677-536A-4CA6-A4E4-A434F54720C4}.Release|x64.ActiveCfg = Release|x64
		{D2103677-536A-4CA6-A4E4-A434F54720C4}.Release|x64.Build.0 = Release|x64
		{D2103677-536A-4CA6-A4E4-A434F54720C4}.Release|x86.ActiveCfg = Release|Win32
		{D2103677-536A-4CA6-A4E4-A434F54720C4}.Release|x86.Build.0 = Release|Win32
		{3CCB677A-4244-489C-B5D3-81A7E3BE6F50}.Debug|x64.ActiveCfg = Debug|x64
		{3CCB677A-4244-489C-B5D3-81A7E3BE6F50}.Debug|x64.Build.0 = Debug|x64
		{3CCB677A-4244-489C-B5D3-81A7E3BE6F50}.Debug|x86.ActiveCfg = Debug|Win32
		{3CCB677A-4244-489C-B5D3-81A7E3BE6F50}.Debug|x86.Build.0 = Debug|Win32
		{3CCB677A-4244-489C-B5D3-81A7E3BE6F50}.Release|x64.ActiveCfg = Release|x64
		{3CCB677A-4244-489C-B5D3-81A7E3BE6F50}.Release|x64.Build.0 = Release|x64
		{3CCB677A-4244-489C-B5D3-81A7E3BE6F50}.Release|x86.ActiveCfg = Release|Win32
		{3CCB677A-4244-489C-B5D3-81A7E3BE6F50}.Release|x86.Build.0 = Release|Win32
		{53547CDF-633B-40F9-9118-6A89B280C2E2}.Debug|x64.ActiveCfg = Debug|x64
		{53547CDF-633B-40F9-9118-6A89B280C2E2}.Debug|x64.Build.0 = Debug|x64
		{53547CDF-633B-40F9-9118-6A89B280C2E2}.Debug|x86.ActiveCfg = Debug|Win32
		{53547CDF-633B-40F9-9118-6A89B280C2E2}.Debug|x86.Build.0 = Debug|Win32
		{53547CDF-633B-40F9-9118-6A89B280C2E2}.Release|x64.ActiveCfg = Release|x64
		{53547CDF-633B-40F9-9118-6A89B280C2E2}.Release|x64.Build.0 = Release|x64
		{53547CDF-633B-40F9-9118-6A89B280C2E2}.Release|x86.ActiveCfg = Release|Win32
		{53547CDF-633B-40F9-9118-6A89B280C2E2}.Release|x86.Build.0 = Release|Win32
		{2563B84E-8BC5-49FE-9082-A2E26C38D0FF}.Debug|x64.ActiveCfg = Debug|x64
		{2563B84E-8BC5-49FE-9082-A2E26C38D0FF}.Debug|x64.Build.0 = Debug|x64
		{2563B84E-8BC5-49FE-9082-A2E26C38D0FF}.Debug|x86.ActiveCfg = Debug|Win32
		{2563B84E-8BC5-49FE-9082-A2E26C38D0FF}.Debug|x86.Build.0 = Debug|Win32
		{2563B84E-8BC5-49FE-9082-A2E26C38D0FF}.Release|x64.ActiveCfg = Release|x64
		{2563B84E-8BC5-49FE-9082-A2E26C38D0FF}.Release|x64.Build.0 = Release|x64
		{2563B84E-8BC5-49FE-9082-A2E26C38D0FF}.Release|x86.ActiveCfg = Release|Win32
		{2563B84E-8BC5-49FE-9082-A2E26C38D0FF}.Release|x86.Build.0 = Release|Win32
		{A8494EA9-91E8-4013-8AEE-0DD9F2530623}.Debug|x64.ActiveCfg = Debug|x64
		{A8494EA9-91E8-4013-8AEE-0DD9F2530623}.Debug|x64.Build.0 = Debug|x64
		{A8494EA9-91E8-4013-8AEE-0DD9F2530623}.Debug|x86.ActiveCfg = Debug|Win32
		{A8494EA9-91E8-4013-8AEE-0DD9F2530623}.Debug|x86.Build.0 = Debug|Win32
		{A8494EA9-91E8-4013-8AEE-0DD9F2530623}.Release|x64.ActiveCfg = Release|x64
		{A8494EA9-91E8-4013-8AEE-0DD9F2530623}.Release|x64.Build.0 = Release|x64
		{A8494EA9-91E8-4013-8AEE-0DD9F2530623}.Release|x86.ActiveCfg = Release|Win32
		{A8494EA9-91E8-4013-8AEE-0DD9F2530623}.Release|x86.Build.0 = Release|Win32
		{0B9F06B3-068F-4283-974B-FA37CF12779E}.Debug|x64.ActiveCfg = Debug|x64
		{0B9F06B3-068F-4283-974B-FA37CF12779E}.Debug|x64.Build.0 = Debug|x64
		{0B9F06B3-068F-4283-974B-FA37CF12779E}.Debug|x86.ActiveCfg = Debug|Win32
		{0B9F06B3-068F-4283-974B-FA37CF12779E}.Debug|x86.Build.0 = Debug|Win32
		{0B9F06B3-068F-4283-974B-FA37CF12779E}.Release|x64.ActiveCfg = Release|x64
		{0B9F06B3-068F-4283-974B-FA37CF12779E}.Release|x64.Build.0 = Release|x64
		{0B9F06B3-068F-4283-974B-FA37CF12779E}.Release|x86.ActiveCfg = Release|Win32
		{0B9F06B3-068F-4283-974B-FA37CF12779E}.Release|x86.Build.0 = Release|Win32
	EndGlobalSection
	GlobalSection(SolutionProperties) = preSolution
		HideSolutionNode = FALSE
	EndGlobalSection
	GlobalSection(ExtensibilityGlobals) = postSolution
		SolutionGuid = {F5E6FA29-615D-4979-BA97-9DED66D0F314}
	EndGlobalSection
EndGlobal
